
Microsoft Visual Studio Solution File, Format Version 12.00
# Visual Studio 15
VisualStudioVersion = 15.0.28307.136
MinimumVisualStudioVersion = 10.0.40219.1
Project("{FAE04EC0-301F-11D3-BF4B-00C04F79EFBC}") = "Metani", "Metani\Metani.csproj", "{43EF8E45-2CD2-4306-A03C-3F8A5960414E}"
EndProject
Global
	GlobalSection(SolutionConfigurationPlatforms) = preSolution
		Debug|Any CPU = Debug|Any CPU
		Release|Any CPU = Release|Any CPU
	EndGlobalSection
	GlobalSection(ProjectConfigurationPlatforms) = postSolution
		{43EF8E45-2CD2-4306-A03C-3F8A5960414E}.Debug|Any CPU.ActiveCfg = Debug|Any CPU
		{43EF8E45-2CD2-4306-A03C-3F8A5960414E}.Debug|Any CPU.Build.0 = Debug|Any CPU
		{43EF8E45-2CD2-4306-A03C-3F8A5960414E}.Release|Any CPU.ActiveCfg = Release|Any CPU
		{43EF8E45-2CD2-4306-A03C-3F8A5960414E}.Release|Any CPU.Build.0 = Release|Any CPU
	EndGlobalSection
	GlobalSection(SolutionProperties) = preSolution
		HideSolutionNode = FALSE
	EndGlobalSection
	GlobalSection(ExtensibilityGlobals) = postSolution
		SolutionGuid = {B8D2C2B7-C7C7-4F4C-B02E-FF53944D50AF}
	EndGlobalSection
EndGlobal
